// !$*UTF8*$!
{
	archiveVersion = 1;
	classes = {
	};
	objectVersion = 46;
	objects = {

/* Begin PBXBuildFile section */
		A1E55AEC1978F50C0037EC72 /* AppDelegate.swift in Sources */ = {isa = PBXBuildFile; fileRef = A1E55AEB1978F50C0037EC72 /* AppDelegate.swift */; };
		A1E55AEE1978F50C0037EC72 /* ViewController.swift in Sources */ = {isa = PBXBuildFile; fileRef = A1E55AED1978F50C0037EC72 /* ViewController.swift */; };
		A1E55AF11978F50C0037EC72 /* Main.storyboard in Resources */ = {isa = PBXBuildFile; fileRef = A1E55AEF1978F50C0037EC72 /* Main.storyboard */; };
		A1E55AF31978F50C0037EC72 /* Images.xcassets in Resources */ = {isa = PBXBuildFile; fileRef = A1E55AF21978F50C0037EC72 /* Images.xcassets */; };
		A1E55AFF1978F50C0037EC72 /* SwiftSmallestAppTests.swift in Sources */ = {isa = PBXBuildFile; fileRef = A1E55AFE1978F50C0037EC72 /* SwiftSmallestAppTests.swift */; };
		A1E55B0D1978FEF80037EC72 /* taiyuan-yongzuo.jpg in Resources */ = {isa = PBXBuildFile; fileRef = A1E55B0C1978FEF80037EC72 /* taiyuan-yongzuo.jpg */; };
/* End PBXBuildFile section */

/* Begin PBXContainerItemProxy section */
		A1E55AF91978F50C0037EC72 /* PBXContainerItemProxy */ = {
			isa = PBXContainerItemProxy;
			containerPortal = A1E55ADE1978F50C0037EC72 /* Project object */;
			proxyType = 1;
			remoteGlobalIDString = A1E55AE51978F50C0037EC72;
			remoteInfo = SwiftSmallestApp;
		};
/* End PBXContainerItemProxy section */

/* Begin PBXFileReference section */
		A1E55AE61978F50C0037EC72 /* SwiftSmallestApp.app */ = {isa = PBXFileReference; explicitFileType = wrapper.application; includeInIndex = 0; path = SwiftSmallestApp.app; sourceTree = BUILT_PRODUCTS_DIR; };
		A1E55AEA1978F50C0037EC72 /* Info.plist */ = {isa = PBXFileReference; lastKnownFileType = text.plist.xml; path = Info.plist; sourceTree = "<group>"; };
		A1E55AEB1978F50C0037EC72 /* AppDelegate.swift */ = {isa = PBXFileReference; lastKnownFileType = sourcecode.swift; path = AppDelegate.swift; sourceTree = "<group>"; };
		A1E55AED1978F50C0037EC72 /* ViewController.swift */ = {isa = PBXFileReference; lastKnownFileType = sourcecode.swift; path = ViewController.swift; sourceTree = "<group>"; };
		A1E55AF01978F50C0037EC72 /* Base */ = {isa = PBXFileReference; lastKnownFileType = file.storyboard; name = Base; path = Base.lproj/Main.storyboard; sourceTree = "<group>"; };
		A1E55AF21978F50C0037EC72 /* Images.xcassets */ = {isa = PBXFileReference; lastKnownFileType = folder.assetcatalog; path = Images.xcassets; sourceTree = "<group>"; };
		A1E55AF81978F50C0037EC72 /* SwiftSmallestAppTests.xctest */ = {isa = PBXFileReference; explicitFileType = wrapper.cfbundle; includeInIndex = 0; path = SwiftSmallestAppTests.xctest; sourceTree = BUILT_PRODUCTS_DIR; };
		A1E55AFD1978F50C0037EC72 /* Info.plist */ = {isa = PBXFileReference; lastKnownFileType = text.plist.xml; path = Info.plist; sourceTree = "<group>"; };
		A1E55AFE1978F50C0037EC72 /* SwiftSmallestAppTests.swift */ = {isa = PBXFileReference; lastKnownFileType = sourcecode.swift; path = SwiftSmallestAppTests.swift; sourceTree = "<group>"; };
		A1E55B091978FA3E0037EC72 /* en */ = {isa = PBXFileReference; lastKnownFileType = text.plist.strings; name = en; path = en.lproj/Main.strings; sourceTree = "<group>"; };
		A1E55B0C1978FEF80037EC72 /* taiyuan-yongzuo.jpg */ = {isa = PBXFileReference; lastKnownFileType = image.jpeg; path = "taiyuan-yongzuo.jpg"; sourceTree = "<group>"; };
/* End PBXFileReference section */

/* Begin PBXFrameworksBuildPhase section */
		A1E55AE31978F50C0037EC72 /* Frameworks */ = {
			isa = PBXFrameworksBuildPhase;
			buildActionMask = 2147483647;
			files = (
			);
			runOnlyForDeploymentPostprocessing = 0;
		};
		A1E55AF51978F50C0037EC72 /* Frameworks */ = {
			isa = PBXFrameworksBuildPhase;
			buildActionMask = 2147483647;
			files = (
			);
			runOnlyForDeploymentPostprocessing = 0;
		};
/* End PBXFrameworksBuildPhase section */

/* Begin PBXGroup section */
		A1E55ADD1978F50C0037EC72 = {
			isa = PBXGroup;
			children = (
				A1E55AE81978F50C0037EC72 /* SwiftSmallestApp */,
				A1E55AFB1978F50C0037EC72 /* SwiftSmallestAppTests */,
				A1E55AE71978F50C0037EC72 /* Products */,
			);
			sourceTree = "<group>";
		};
		A1E55AE71978F50C0037EC72 /* Products */ = {
			isa = PBXGroup;
			children = (
				A1E55AE61978F50C0037EC72 /* SwiftSmallestApp.app */,
				A1E55AF81978F50C0037EC72 /* SwiftSmallestAppTests.xctest */,
			);
			name = Products;
			sourceTree = "<group>";
		};
		A1E55AE81978F50C0037EC72 /* SwiftSmallestApp */ = {
			isa = PBXGroup;
			children = (
				A1E55B0B1978FEF80037EC72 /* SmallestAppImage */,
				A1E55AEB1978F50C0037EC72 /* AppDelegate.swift */,
				A1E55AED1978F50C0037EC72 /* ViewController.swift */,
				A1E55AEF1978F50C0037EC72 /* Main.storyboard */,
				A1E55AF21978F50C0037EC72 /* Images.xcassets */,
				A1E55AE91978F50C0037EC72 /* Supporting Files */,
			);
			path = SwiftSmallestApp;
			sourceTree = "<group>";
		};
		A1E55AE91978F50C0037EC72 /* Supporting Files */ = {
			isa = PBXGroup;
			children = (
				A1E55AEA1978F50C0037EC72 /* Info.plist */,
			);
			name = "Supporting Files";
			sourceTree = "<group>";
		};
		A1E55AFB1978F50C0037EC72 /* SwiftSmallestAppTests */ = {
			isa = PBXGroup;
			children = (
				A1E55AFE1978F50C0037EC72 /* SwiftSmallestAppTests.swift */,
				A1E55AFC1978F50C0037EC72 /* Supporting Files */,
			);
			path = SwiftSmallestAppTests;
			sourceTree = "<group>";
		};
		A1E55AFC1978F50C0037EC72 /* Supporting Files */ = {
			isa = PBXGroup;
			children = (
				A1E55AFD1978F50C0037EC72 /* Info.plist */,
			);
			name = "Supporting Files";
			sourceTree = "<group>";
		};
		A1E55B0B1978FEF80037EC72 /* SmallestAppImage */ = {
			isa = PBXGroup;
			children = (
				A1E55B0C1978FEF80037EC72 /* taiyuan-yongzuo.jpg */,
			);
			name = SmallestAppImage;
			path = SmallestApp;
			sourceTree = "<group>";
		};
/* End PBXGroup section */

/* Begin PBXNativeTarget section */
		A1E55AE51978F50C0037EC72 /* SwiftSmallestApp */ = {
			isa = PBXNativeTarget;
			buildConfigurationList = A1E55B021978F50C0037EC72 /* Build configuration list for PBXNativeTarget "SwiftSmallestApp" */;
			buildPhases = (
				A1E55AE21978F50C0037EC72 /* Sources */,
				A1E55AE31978F50C0037EC72 /* Frameworks */,
				A1E55AE41978F50C0037EC72 /* Resources */,
			);
			buildRules = (
			);
			dependencies = (
			);
			name = SwiftSmallestApp;
			productName = SwiftSmallestApp;
			productReference = A1E55AE61978F50C0037EC72 /* SwiftSmallestApp.app */;
			productType = "com.apple.product-type.application";
		};
		A1E55AF71978F50C0037EC72 /* SwiftSmallestAppTests */ = {
			isa = PBXNativeTarget;
			buildConfigurationList = A1E55B051978F50C0037EC72 /* Build configuration list for PBXNativeTarget "SwiftSmallestAppTests" */;
			buildPhases = (
				A1E55AF41978F50C0037EC72 /* Sources */,
				A1E55AF51978F50C0037EC72 /* Frameworks */,
				A1E55AF61978F50C0037EC72 /* Resources */,
			);
			buildRules = (
			);
			dependencies = (
				A1E55AFA1978F50C0037EC72 /* PBXTargetDependency */,
			);
			name = SwiftSmallestAppTests;
			productName = SwiftSmallestAppTests;
			productReference = A1E55AF81978F50C0037EC72 /* SwiftSmallestAppTests.xctest */;
			productType = "com.apple.product-type.bundle.unit-test";
		};
/* End PBXNativeTarget section */

/* Begin PBXProject section */
		A1E55ADE1978F50C0037EC72 /* Project object */ = {
			isa = PBXProject;
			attributes = {
				LastUpgradeCheck = 0600;
				ORGANIZATIONNAME = "Borui \"Andy\" Li";
				TargetAttributes = {
					A1E55AE51978F50C0037EC72 = {
						CreatedOnToolsVersion = 6.0;
					};
					A1E55AF71978F50C0037EC72 = {
						CreatedOnToolsVersion = 6.0;
						TestTargetID = A1E55AE51978F50C0037EC72;
					};
				};
			};
			buildConfigurationList = A1E55AE11978F50C0037EC72 /* Build configuration list for PBXProject "SwiftSmallestApp" */;
			compatibilityVersion = "Xcode 3.2";
			developmentRegion = English;
			hasScannedForEncodings = 0;
			knownRegions = (
				en,
				Base,
			);
			mainGroup = A1E55ADD1978F50C0037EC72;
			productRefGroup = A1E55AE71978F50C0037EC72 /* Products */;
			projectDirPath = "";
			projectRoot = "";
			targets = (
				A1E55AE51978F50C0037EC72 /* SwiftSmallestApp */,
				A1E55AF71978F50C0037EC72 /* SwiftSmallestAppTests */,
			);
		};
/* End PBXProject section */

/* Begin PBXResourcesBuildPhase section */
		A1E55AE41978F50C0037EC72 /* Resources */ = {
			isa = PBXResourcesBuildPhase;
			buildActionMask = 2147483647;
			files = (
				A1E55AF11978F50C0037EC72 /* Main.storyboard in Resources */,
				A1E55B0D1978FEF80037EC72 /* taiyuan-yongzuo.jpg in Resources */,
				A1E55AF31978F50C0037EC72 /* Images.xcassets in Resources */,
			);
			runOnlyForDeploymentPostprocessing = 0;
		};
		A1E55AF61978F50C0037EC72 /* Resources */ = {
			isa = PBXResourcesBuildPhase;
			buildActionMask = 2147483647;
			files = (
			);
			runOnlyForDeploymentPostprocessing = 0;
		};
/* End PBXResourcesBuildPhase section */

/* Begin PBXSourcesBuildPhase section */
		A1E55AE21978F50C0037EC72 /* Sources */ = {
			isa = PBXSourcesBuildPhase;
			buildActionMask = 2147483647;
			files = (
				A1E55AEE1978F50C0037EC72 /* ViewController.swift in Sources */,
				A1E55AEC1978F50C0037EC72 /* AppDelegate.swift in Sources */,
			);
			runOnlyForDeploymentPostprocessing = 0;
		};
		A1E55AF41978F50C0037EC72 /* Sources */ = {
			isa = PBXSourcesBuildPhase;
			buildActionMask = 2147483647;
			files = (
				A1E55AFF1978F50C0037EC72 /* SwiftSmallestAppTests.swift in Sources */,
			);
			runOnlyForDeploymentPostprocessing = 0;
		};
/* End PBXSourcesBuildPhase section */

/* Begin PBXTargetDependency section */
		A1E55AFA1978F50C0037EC72 /* PBXTargetDependency */ = {
			isa = PBXTargetDependency;
			target = A1E55AE51978F50C0037EC72 /* SwiftSmallestApp */;
			targetProxy = A1E55AF91978F50C0037EC72 /* PBXContainerItemProxy */;
		};
/* End PBXTargetDependency section */

/* Begin PBXVariantGroup section */
		A1E55AEF1978F50C0037EC72 /* Main.storyboard */ = {
			isa = PBXVariantGroup;
			children = (
				A1E55AF01978F50C0037EC72 /* Base */,
				A1E55B091978FA3E0037EC72 /* en */,
			);
			name = Main.storyboard;
			sourceTree = "<group>";
		};
/* End PBXVariantGroup section */

/* Begin XCBuildConfiguration section */
		A1E55B001978F50C0037EC72 /* Debug */ = {
			isa = XCBuildConfiguration;
			buildSettings = {
				ALWAYS_SEARCH_USER_PATHS = NO;
				CLANG_CXX_LANGUAGE_STANDARD = "gnu++0x";
				CLANG_CXX_LIBRARY = "libc++";
				CLANG_ENABLE_MODULES = YES;
				CLANG_ENABLE_OBJC_ARC = YES;
				CLANG_WARN_BOOL_CONVERSION = YES;
				CLANG_WARN_CONSTANT_CONVERSION = YES;
				CLANG_WARN_DIRECT_OBJC_ISA_USAGE = YES_ERROR;
				CLANG_WARN_EMPTY_BODY = YES;
				CLANG_WARN_ENUM_CONVERSION = YES;
				CLANG_WARN_INT_CONVERSION = YES;
				CLANG_WARN_OBJC_ROOT_CLASS = YES_ERROR;
				CLANG_WARN_UNREACHABLE_CODE = YES;
				CLANG_WARN__DUPLICATE_METHOD_MATCH = YES;
				"CODE_SIGN_IDENTITY[sdk=iphoneos*]" = "iPhone Developer";
				COPY_PHASE_STRIP = NO;
				ENABLE_STRICT_OBJC_MSGSEND = YES;
				GCC_C_LANGUAGE_STANDARD = gnu99;
				GCC_DYNAMIC_NO_PIC = NO;
				GCC_OPTIMIZATION_LEVEL = 0;
				GCC_PREPROCESSOR_DEFINITIONS = (
					"DEBUG=1",
					"$(inherited)",
				);
				GCC_SYMBOLS_PRIVATE_EXTERN = NO;
				GCC_WARN_64_TO_32_BIT_CONVERSION = YES;
				GCC_WARN_ABOUT_RETURN_TYPE = YES_ERROR;
				GCC_WARN_UNDECLARED_SELECTOR = YES;
				GCC_WARN_UNINITIALIZED_AUTOS = YES_AGGRESSIVE;
				GCC_WARN_UNUSED_FUNCTION = YES;
				GCC_WARN_UNUSED_VARIABLE = YES;
				IPHONEOS_DEPLOYMENT_TARGET = 8.0;
				MTL_ENABLE_DEBUG_INFO = YES;
				ONLY_ACTIVE_ARCH = YES;
				SDKROOT = iphoneos;
				SWIFT_OPTIMIZATION_LEVEL = "-Onone";
			};
			name = Debug;
		};
		A1E55B011978F50C0037EC72 /* Release */ = {
			isa = XCBuildConfiguration;
			buildSettings = {
				ALWAYS_SEARCH_USER_PATHS = NO;
				CLANG_CXX_LANGUAGE_STANDARD = "gnu++0x";
				CLANG_CXX_LIBRARY = "libc++";
				CLANG_ENABLE_MODULES = YES;
				CLANG_ENABLE_OBJC_ARC = YES;
				CLANG_WARN_BOOL_CONVERSION = YES;
				CLANG_WARN_CONSTANT_CONVERSION = YES;
				CLANG_WARN_DIRECT_OBJC_ISA_USAGE = YES_ERROR;
				CLANG_WARN_EMPTY_BODY = YES;
				CLANG_WARN_ENUM_CONVERSION = YES;
				CLANG_WARN_INT_CONVERSION = YES;
				CLANG_WARN_OBJC_ROOT_CLASS = YES_ERROR;
				CLANG_WARN_UNREACHABLE_CODE = YES;
				CLANG_WARN__DUPLICATE_METHOD_MATCH = YES;
				"CODE_SIGN_IDENTITY[sdk=iphoneos*]" = "iPhone Developer";
				COPY_PHASE_STRIP = YES;
				ENABLE_NS_ASSERTIONS = NO;
				ENABLE_STRICT_OBJC_MSGSEND = YES;
				GCC_C_LANGUAGE_STANDARD = gnu99;
				GCC_WARN_64_TO_32_BIT_CONVERSION = YES;
				GCC_WARN_ABOUT_RETURN_TYPE = YES_ERROR;
				GCC_WARN_UNDECLARED_SELECTOR = YES;
				GCC_WARN_UNINITIALIZED_AUTOS = YES_AGGRESSIVE;
				GCC_WARN_UNUSED_FUNCTION = YES;
				GCC_WARN_UNUSED_VARIABLE = YES;
				IPHONEOS_DEPLOYMENT_TARGET = 8.0;
				MTL_ENABLE_DEBUG_INFO = NO;
				SDKROOT = iphoneos;
				VALIDATE_PRODUCT = YES;
			};
			name = Release;
		};
		A1E55B031978F50C0037EC72 /* Debug */ = {
			isa = XCBuildConfiguration;
			buildSettings = {
				ASSETCATALOG_COMPILER_APPICON_NAME = AppIcon;
				ASSETCATALOG_COMPILER_LAUNCHIMAGE_NAME = LaunchImage;
				INFOPLIST_FILE = SwiftSmallestApp/Info.plist;
				LD_RUNPATH_SEARCH_PATHS = "$(inherited) @executable_path/Frameworks";
				PRODUCT_NAME = "$(TARGET_NAME)";
			};
			name = Debug;
		};
		A1E55B041978F50C0037EC72 /* Release */ = {
			isa = XCBuildConfiguration;
			buildSettings = {
				ASSETCATALOG_COMPILER_APPICON_NAME = AppIcon;
				ASSETCATALOG_COMPILER_LAUNCHIMAGE_NAME = LaunchImage;
				INFOPLIST_FILE = SwiftSmallestApp/Info.plist;
				LD_RUNPATH_SEARCH_PATHS = "$(inherited) @executable_path/Frameworks";
				PRODUCT_NAME = "$(TARGET_NAME)";
			};
			name = Release;
		};
		A1E55B061978F50C0037EC72 /* Debug */ = {
			isa = XCBuildConfiguration;
			buildSettings = {
				BUNDLE_LOADER = "$(BUILT_PRODUCTS_DIR)/SwiftSmallestApp.app/SwiftSmallestApp";
				FRAMEWORK_SEARCH_PATHS = (
					"$(SDKROOT)/Developer/Library/Frameworks",
					"$(inherited)",
				);
				GCC_PREPROCESSOR_DEFINITIONS = (
					"DEBUG=1",
					"$(inherited)",
				);
				INFOPLIST_FILE = SwiftSmallestAppTests/Info.plist;
				LD_RUNPATH_SEARCH_PATHS = "$(inherited) @executable_path/Frameworks @loader_path/Frameworks";
				PRODUCT_NAME = "$(TARGET_NAME)";
				TEST_HOST = "$(BUNDLE_LOADER)";
			};
			name = Debug;
		};
		A1E55B071978F50C0037EC72 /* Release */ = {
			isa = XCBuildConfiguration;
			buildSettings = {
				BUNDLE_LOADER = "$(BUILT_PRODUCTS_DIR)/SwiftSmallestApp.app/SwiftSmallestApp";
				FRAMEWORK_SEARCH_PATHS = (
					"$(SDKROOT)/Developer/Library/Frameworks",
					"$(inherited)",
				);
				INFOPLIST_FILE = SwiftSmallestAppTests/Info.plist;
				LD_RUNPATH_SEARCH_PATHS = "$(inherited) @executable_path/Frameworks @loader_path/Frameworks";
				PRODUCT_NAME = "$(TARGET_NAME)";
				TEST_HOST = "$(BUNDLE_LOADER)";
			};
			name = Release;
		};
/* End XCBuildConfiguration section */

/* Begin XCConfigurationList section */
		A1E55AE11978F50C0037EC72 /* Build configuration list for PBXProject "SwiftSmallestApp" */ = {
			isa = XCConfigurationList;
			buildConfigurations = (
				A1E55B001978F50C0037EC72 /* Debug */,
				A1E55B011978F50C0037EC72 /* Release */,
			);
			defaultConfigurationIsVisible = 0;
			defaultConfigurationName = Release;
		};
		A1E55B021978F50C0037EC72 /* Build configuration list for PBXNativeTarget "SwiftSmallestApp" */ = {
			isa = XCConfigurationList;
			buildConfigurations = (
				A1E55B031978F50C0037EC72 /* Debug */,
				A1E55B041978F50C0037EC72 /* Release */,
			);
			defaultConfigurationIsVisible = 0;
		};
		A1E55B051978F50C0037EC72 /* Build configuration list for PBXNativeTarget "SwiftSmallestAppTests" */ = {
			isa = XCConfigurationList;
			buildConfigurations = (
				A1E55B061978F50C0037EC72 /* Debug */,
				A1E55B071978F50C0037EC72 /* Release */,
			);
			defaultConfigurationIsVisible = 0;
		};
/* End XCConfigurationList section */
	};
	rootObject = A1E55ADE1978F50C0037EC72 /* Project object */;
}
